
Microsoft Visual Studio Solution File, Format Version 12.00
# Visual Studio Version 17
VisualStudioVersion = 17.1.32228.430
MinimumVisualStudioVersion = 10.0.40219.1
Project("{9A19103F-16F7-4668-BE54-9A1E7A4F7556}") = "BlogPosts.API", "BlogPosts.API\BlogPosts.API.csproj", "{DC7C052F-E60A-46C4-985F-2AE50AFB6B51}"
EndProject
Project("{9A19103F-16F7-4668-BE54-9A1E7A4F7556}") = "BlogPosts.Domain", "BlogPosts.Domain\BlogPosts.Domain.csproj", "{3977E3A6-F559-4119-9689-292BC8C975D3}"
EndProject
Project("{9A19103F-16F7-4668-BE54-9A1E7A4F7556}") = "BlogPosts.Infrastructure", "BlogPosts.Infrastructure\BlogPosts.Infrastructure.csproj", "{16F1AA32-2131-402A-9801-0D052109E207}"
EndProject
Project("{FAE04EC0-301F-11D3-BF4B-00C04F79EFBC}") = "BlogPosts.Application", "BlogPosts.Application\BlogPosts.Application.csproj", "{6061FCDB-CC02-4748-827F-3A3E6E3D3552}"
EndProject
Global
	GlobalSection(SolutionConfigurationPlatforms) = preSolution
		Debug|Any CPU = Debug|Any CPU
		Release|Any CPU = Release|Any CPU
	EndGlobalSection
	GlobalSection(ProjectConfigurationPlatforms) = postSolution
		{DC7C052F-E60A-46C4-985F-2AE50AFB6B51}.Debug|Any CPU.ActiveCfg = Debug|Any CPU
		{DC7C052F-E60A-46C4-985F-2AE50AFB6B51}.Debug|Any CPU.Build.0 = Debug|Any CPU
		{DC7C052F-E60A-46C4-985F-2AE50AFB6B51}.Release|Any CPU.ActiveCfg = Release|Any CPU
		{DC7C052F-E60A-46C4-985F-2AE50AFB6B51}.Release|Any CPU.Build.0 = Release|Any CPU
		{3977E3A6-F559-4119-9689-292BC8C975D3}.Debug|Any CPU.ActiveCfg = Debug|Any CPU
		{3977E3A6-F559-4119-9689-292BC8C975D3}.Debug|Any CPU.Build.0 = Debug|Any CPU
		{3977E3A6-F559-4119-9689-292BC8C975D3}.Release|Any CPU.ActiveCfg = Release|Any CPU
		{3977E3A6-F559-4119-9689-292BC8C975D3}.Release|Any CPU.Build.0 = Release|Any CPU
		{16F1AA32-2131-402A-9801-0D052109E207}.Debug|Any CPU.ActiveCfg = Debug|Any CPU
		{16F1AA32-2131-402A-9801-0D052109E207}.Debug|Any CPU.Build.0 = Debug|Any CPU
		{16F1AA32-2131-402A-9801-0D052109E207}.Release|Any CPU.ActiveCfg = Release|Any CPU
		{16F1AA32-2131-402A-9801-0D052109E207}.Release|Any CPU.Build.0 = Release|Any CPU
		{6061FCDB-CC02-4748-827F-3A3E6E3D3552}.Debug|Any CPU.ActiveCfg = Debug|Any CPU
		{6061FCDB-CC02-4748-827F-3A3E6E3D3552}.Debug|Any CPU.Build.0 = Debug|Any CPU
		{6061FCDB-CC02-4748-827F-3A3E6E3D3552}.Release|Any CPU.ActiveCfg = Release|Any CPU
		{6061FCDB-CC02-4748-827F-3A3E6E3D3552}.Release|Any CPU.Build.0 = Release|Any CPU
	EndGlobalSection
	GlobalSection(SolutionProperties) = preSolution
		HideSolutionNode = FALSE
	EndGlobalSection
	GlobalSection(ExtensibilityGlobals) = postSolution
		SolutionGuid = {FF7697D1-4D98-4AA8-B063-E6823058FAAA}
	EndGlobalSection
EndGlobal
